
Microsoft Visual Studio Solution File, Format Version 11.00
# Visual Studio 2010
Project("{1863889A-00DF-4350-BA39-669CA949CB81}") = "playbasis", "playbasis.phpproj", "{02E41A72-97AD-439B-B608-CB6540A48D84}"
EndProject
Project("{1863889A-00DF-4350-BA39-669CA949CB81}") = "pblib", "pblib\pblib.phpproj", "{9E33B17F-DC20-4177-9682-C750B4A1B66C}"
EndProject
Project("{FAE04EC0-301F-11D3-BF4B-00C04F79EFBC}") = "pblib.js", "pblib\pblib.js\pblib.js.csproj", "{24F59849-F60D-4460-ABFC-E48B69A4318E}"
EndProject
Global
	GlobalSection(SolutionConfigurationPlatforms) = preSolution
		Debug|Any CPU = Debug|Any CPU
		Debug|Mixed Platforms = Debug|Mixed Platforms
		Debug|PHP 5.2 = Debug|PHP 5.2
		Debug|PHP 5.4 = Debug|PHP 5.4
		Local|Any CPU = Local|Any CPU
		Local|Mixed Platforms = Local|Mixed Platforms
		Local|PHP 5.2 = Local|PHP 5.2
		Local|PHP 5.4 = Local|PHP 5.4
		Production|Any CPU = Production|Any CPU
		Production|Mixed Platforms = Production|Mixed Platforms
		Production|PHP 5.2 = Production|PHP 5.2
		Production|PHP 5.4 = Production|PHP 5.4
		Staging|Any CPU = Staging|Any CPU
		Staging|Mixed Platforms = Staging|Mixed Platforms
		Staging|PHP 5.2 = Staging|PHP 5.2
		Staging|PHP 5.4 = Staging|PHP 5.4
	EndGlobalSection
	GlobalSection(ProjectConfigurationPlatforms) = postSolution
		{02E41A72-97AD-439B-B608-CB6540A48D84}.Debug|Any CPU.ActiveCfg = Staging|PHP 5.2
		{02E41A72-97AD-439B-B608-CB6540A48D84}.Debug|Mixed Platforms.ActiveCfg = Staging|PHP 5.2
		{02E41A72-97AD-439B-B608-CB6540A48D84}.Debug|Mixed Platforms.Deploy.0 = Staging|PHP 5.2
		{02E41A72-97AD-439B-B608-CB6540A48D84}.Debug|PHP 5.2.ActiveCfg = Staging|PHP 5.2
		{02E41A72-97AD-439B-B608-CB6540A48D84}.Debug|PHP 5.2.Deploy.0 = Staging|PHP 5.2
		{02E41A72-97AD-439B-B608-CB6540A48D84}.Debug|PHP 5.4.ActiveCfg = Staging|PHP 5.2
		{02E41A72-97AD-439B-B608-CB6540A48D84}.Local|Any CPU.ActiveCfg = Local|PHP 5.2
		{02E41A72-97AD-439B-B608-CB6540A48D84}.Local|Mixed Platforms.ActiveCfg = Local|PHP 5.2
		{02E41A72-97AD-439B-B608-CB6540A48D84}.Local|Mixed Platforms.Deploy.0 = Local|PHP 5.2
		{02E41A72-97AD-439B-B608-CB6540A48D84}.Local|PHP 5.2.ActiveCfg = Local|PHP 5.2
		{02E41A72-97AD-439B-B608-CB6540A48D84}.Local|PHP 5.2.Deploy.0 = Local|PHP 5.2
		{02E41A72-97AD-439B-B608-CB6540A48D84}.Local|PHP 5.4.ActiveCfg = Local|PHP 5.2
		{02E41A72-97AD-439B-B608-CB6540A48D84}.Production|Any CPU.ActiveCfg = Production|PHP 5.2
		{02E41A72-97AD-439B-B608-CB6540A48D84}.Production|Mixed Platforms.ActiveCfg = Production|PHP 5.2
		{02E41A72-97AD-439B-B608-CB6540A48D84}.Production|Mixed Platforms.Deploy.0 = Production|PHP 5.2
		{02E41A72-97AD-439B-B608-CB6540A48D84}.Production|PHP 5.2.ActiveCfg = Production|PHP 5.2
		{02E41A72-97AD-439B-B608-CB6540A48D84}.Production|PHP 5.2.Deploy.0 = Production|PHP 5.2
		{02E41A72-97AD-439B-B608-CB6540A48D84}.Production|PHP 5.4.ActiveCfg = Production|PHP 5.2
		{02E41A72-97AD-439B-B608-CB6540A48D84}.Staging|Any CPU.ActiveCfg = Staging|PHP 5.2
		{02E41A72-97AD-439B-B608-CB6540A48D84}.Staging|Mixed Platforms.ActiveCfg = Staging|PHP 5.2
		{02E41A72-97AD-439B-B608-CB6540A48D84}.Staging|Mixed Platforms.Deploy.0 = Staging|PHP 5.2
		{02E41A72-97AD-439B-B608-CB6540A48D84}.Staging|PHP 5.2.ActiveCfg = Staging|PHP 5.2
		{02E41A72-97AD-439B-B608-CB6540A48D84}.Staging|PHP 5.2.Deploy.0 = Staging|PHP 5.2
		{02E41A72-97AD-439B-B608-CB6540A48D84}.Staging|PHP 5.4.ActiveCfg = Staging|PHP 5.2
		{9E33B17F-DC20-4177-9682-C750B4A1B66C}.Debug|Any CPU.ActiveCfg = Staging|PHP 5.4
		{9E33B17F-DC20-4177-9682-C750B4A1B66C}.Debug|Mixed Platforms.ActiveCfg = Staging|PHP 5.4
		{9E33B17F-DC20-4177-9682-C750B4A1B66C}.Debug|Mixed Platforms.Deploy.0 = Staging|PHP 5.4
		{9E33B17F-DC20-4177-9682-C750B4A1B66C}.Debug|PHP 5.2.ActiveCfg = Staging|PHP 5.4
		{9E33B17F-DC20-4177-9682-C750B4A1B66C}.Debug|PHP 5.4.ActiveCfg = Staging|PHP 5.4
		{9E33B17F-DC20-4177-9682-C750B4A1B66C}.Debug|PHP 5.4.Deploy.0 = Staging|PHP 5.4
		{9E33B17F-DC20-4177-9682-C750B4A1B66C}.Local|Any CPU.ActiveCfg = Local|PHP 5.4
		{9E33B17F-DC20-4177-9682-C750B4A1B66C}.Local|Mixed Platforms.ActiveCfg = Local|PHP 5.4
		{9E33B17F-DC20-4177-9682-C750B4A1B66C}.Local|Mixed Platforms.Deploy.0 = Local|PHP 5.4
		{9E33B17F-DC20-4177-9682-C750B4A1B66C}.Local|PHP 5.2.ActiveCfg = Local|PHP 5.4
		{9E33B17F-DC20-4177-9682-C750B4A1B66C}.Local|PHP 5.4.ActiveCfg = Local|PHP 5.4
		{9E33B17F-DC20-4177-9682-C750B4A1B66C}.Local|PHP 5.4.Deploy.0 = Local|PHP 5.4
		{9E33B17F-DC20-4177-9682-C750B4A1B66C}.Production|Any CPU.ActiveCfg = Production|PHP 5.4
		{9E33B17F-DC20-4177-9682-C750B4A1B66C}.Production|Mixed Platforms.ActiveCfg = Production|PHP 5.4
		{9E33B17F-DC20-4177-9682-C750B4A1B66C}.Production|Mixed Platforms.Deploy.0 = Production|PHP 5.4
		{9E33B17F-DC20-4177-9682-C750B4A1B66C}.Production|PHP 5.2.ActiveCfg = Production|PHP 5.4
		{9E33B17F-DC20-4177-9682-C750B4A1B66C}.Production|PHP 5.4.ActiveCfg = Production|PHP 5.4
		{9E33B17F-DC20-4177-9682-C750B4A1B66C}.Production|PHP 5.4.Deploy.0 = Production|PHP 5.4
		{9E33B17F-DC20-4177-9682-C750B4A1B66C}.Staging|Any CPU.ActiveCfg = Staging|PHP 5.4
		{9E33B17F-DC20-4177-9682-C750B4A1B66C}.Staging|Mixed Platforms.ActiveCfg = Staging|PHP 5.4
		{9E33B17F-DC20-4177-9682-C750B4A1B66C}.Staging|Mixed Platforms.Deploy.0 = Staging|PHP 5.4
		{9E33B17F-DC20-4177-9682-C750B4A1B66C}.Staging|PHP 5.2.ActiveCfg = Staging|PHP 5.4
		{9E33B17F-DC20-4177-9682-C750B4A1B66C}.Staging|PHP 5.4.ActiveCfg = Staging|PHP 5.4
		{9E33B17F-DC20-4177-9682-C750B4A1B66C}.Staging|PHP 5.4.Deploy.0 = Staging|PHP 5.4
		{24F59849-F60D-4460-ABFC-E48B69A4318E}.Debug|Any CPU.ActiveCfg = Debug|Any CPU
		{24F59849-F60D-4460-ABFC-E48B69A4318E}.Debug|Any CPU.Build.0 = Debug|Any CPU
		{24F59849-F60D-4460-ABFC-E48B69A4318E}.Debug|Mixed Platforms.ActiveCfg = Debug|Any CPU
		{24F59849-F60D-4460-ABFC-E48B69A4318E}.Debug|Mixed Platforms.Build.0 = Debug|Any CPU
		{24F59849-F60D-4460-ABFC-E48B69A4318E}.Debug|PHP 5.2.ActiveCfg = Debug|Any CPU
		{24F59849-F60D-4460-ABFC-E48B69A4318E}.Debug|PHP 5.4.ActiveCfg = Debug|Any CPU
		{24F59849-F60D-4460-ABFC-E48B69A4318E}.Local|Any CPU.ActiveCfg = Debug|Any CPU
		{24F59849-F60D-4460-ABFC-E48B69A4318E}.Local|Any CPU.Build.0 = Debug|Any CPU
		{24F59849-F60D-4460-ABFC-E48B69A4318E}.Local|Mixed Platforms.ActiveCfg = Debug|Any CPU
		{24F59849-F60D-4460-ABFC-E48B69A4318E}.Local|Mixed Platforms.Build.0 = Debug|Any CPU
		{24F59849-F60D-4460-ABFC-E48B69A4318E}.Local|PHP 5.2.ActiveCfg = Debug|Any CPU
		{24F59849-F60D-4460-ABFC-E48B69A4318E}.Local|PHP 5.4.ActiveCfg = Debug|Any CPU
		{24F59849-F60D-4460-ABFC-E48B69A4318E}.Production|Any CPU.ActiveCfg = Debug|Any CPU
		{24F59849-F60D-4460-ABFC-E48B69A4318E}.Production|Any CPU.Build.0 = Debug|Any CPU
		{24F59849-F60D-4460-ABFC-E48B69A4318E}.Production|Mixed Platforms.ActiveCfg = Debug|Any CPU
		{24F59849-F60D-4460-ABFC-E48B69A4318E}.Production|Mixed Platforms.Build.0 = Debug|Any CPU
		{24F59849-F60D-4460-ABFC-E48B69A4318E}.Production|PHP 5.2.ActiveCfg = Debug|Any CPU
		{24F59849-F60D-4460-ABFC-E48B69A4318E}.Production|PHP 5.4.ActiveCfg = Debug|Any CPU
		{24F59849-F60D-4460-ABFC-E48B69A4318E}.Staging|Any CPU.ActiveCfg = Debug|Any CPU
		{24F59849-F60D-4460-ABFC-E48B69A4318E}.Staging|Any CPU.Build.0 = Debug|Any CPU
		{24F59849-F60D-4460-ABFC-E48B69A4318E}.Staging|Mixed Platforms.ActiveCfg = Debug|Any CPU
		{24F59849-F60D-4460-ABFC-E48B69A4318E}.Staging|Mixed Platforms.Build.0 = Debug|Any CPU
		{24F59849-F60D-4460-ABFC-E48B69A4318E}.Staging|PHP 5.2.ActiveCfg = Debug|Any CPU
		{24F59849-F60D-4460-ABFC-E48B69A4318E}.Staging|PHP 5.4.ActiveCfg = Debug|Any CPU
	EndGlobalSection
	GlobalSection(SolutionProperties) = preSolution
		HideSolutionNode = FALSE
	EndGlobalSection
EndGlobal
