// !$*UTF8*$!
{
	archiveVersion = 1;
	classes = {
	};
	objectVersion = 46;
	objects = {

/* Begin PBXBuildFile section */
		2C1C75191749D7DB005F3B57 /* UIKit.framework in Frameworks */ = {isa = PBXBuildFile; fileRef = 2C1C75181749D7DB005F3B57 /* UIKit.framework */; };
		2C1C751B1749D7DB005F3B57 /* Foundation.framework in Frameworks */ = {isa = PBXBuildFile; fileRef = 2C1C751A1749D7DB005F3B57 /* Foundation.framework */; };
		2C1C751D1749D7DB005F3B57 /* CoreGraphics.framework in Frameworks */ = {isa = PBXBuildFile; fileRef = 2C1C751C1749D7DB005F3B57 /* CoreGraphics.framework */; };
		2C1C75231749D7DB005F3B57 /* InfoPlist.strings in Resources */ = {isa = PBXBuildFile; fileRef = 2C1C75211749D7DB005F3B57 /* InfoPlist.strings */; };
		2C1C75251749D7DB005F3B57 /* main.m in Sources */ = {isa = PBXBuildFile; fileRef = 2C1C75241749D7DB005F3B57 /* main.m */; };
		2C1C75291749D7DB005F3B57 /* demoAppDelegate.m in Sources */ = {isa = PBXBuildFile; fileRef = 2C1C75281749D7DB005F3B57 /* demoAppDelegate.m */; };
		2C1C752B1749D7DB005F3B57 /* Default.png in Resources */ = {isa = PBXBuildFile; fileRef = 2C1C752A1749D7DB005F3B57 /* Default.png */; };
		2C1C752D1749D7DB005F3B57 /* Default@2x.png in Resources */ = {isa = PBXBuildFile; fileRef = 2C1C752C1749D7DB005F3B57 /* Default@2x.png */; };
		2C1C752F1749D7DB005F3B57 /* Default-568h@2x.png in Resources */ = {isa = PBXBuildFile; fileRef = 2C1C752E1749D7DB005F3B57 /* Default-568h@2x.png */; };
		2C1C75321749D7DB005F3B57 /* MainStoryboard.storyboard in Resources */ = {isa = PBXBuildFile; fileRef = 2C1C75301749D7DB005F3B57 /* MainStoryboard.storyboard */; };
		2C1C75351749D7DB005F3B57 /* demoViewController.m in Sources */ = {isa = PBXBuildFile; fileRef = 2C1C75341749D7DB005F3B57 /* demoViewController.m */; };
		2C90D7EA1749DCCD0080C57D /* pblib.a in Frameworks */ = {isa = PBXBuildFile; fileRef = 2C90D7E71749D9A00080C57D /* pblib.a */; };
/* End PBXBuildFile section */

/* Begin PBXContainerItemProxy section */
		2C90D7E61749D9A00080C57D /* PBXContainerItemProxy */ = {
			isa = PBXContainerItemProxy;
			containerPortal = 2C90D7E21749D9A00080C57D /* pblib.xcodeproj */;
			proxyType = 2;
			remoteGlobalIDString = 2C1C74F517461E1B005F3B57;
			remoteInfo = pblib;
		};
		2C90D7E81749DC830080C57D /* PBXContainerItemProxy */ = {
			isa = PBXContainerItemProxy;
			containerPortal = 2C90D7E21749D9A00080C57D /* pblib.xcodeproj */;
			proxyType = 1;
			remoteGlobalIDString = 2C1C74F417461E1B005F3B57;
			remoteInfo = pblib;
		};
/* End PBXContainerItemProxy section */

/* Begin PBXFileReference section */
		2C1C75151749D7DB005F3B57 /* demoApp.app */ = {isa = PBXFileReference; explicitFileType = wrapper.application; includeInIndex = 0; path = demoApp.app; sourceTree = BUILT_PRODUCTS_DIR; };
		2C1C75181749D7DB005F3B57 /* UIKit.framework */ = {isa = PBXFileReference; lastKnownFileType = wrapper.framework; name = UIKit.framework; path = System/Library/Frameworks/UIKit.framework; sourceTree = SDKROOT; };
		2C1C751A1749D7DB005F3B57 /* Foundation.framework */ = {isa = PBXFileReference; lastKnownFileType = wrapper.framework; name = Foundation.framework; path = System/Library/Frameworks/Foundation.framework; sourceTree = SDKROOT; };
		2C1C751C1749D7DB005F3B57 /* CoreGraphics.framework */ = {isa = PBXFileReference; lastKnownFileType = wrapper.framework; name = CoreGraphics.framework; path = System/Library/Frameworks/CoreGraphics.framework; sourceTree = SDKROOT; };
		2C1C75201749D7DB005F3B57 /* demoApp-Info.plist */ = {isa = PBXFileReference; lastKnownFileType = text.plist.xml; path = "demoApp-Info.plist"; sourceTree = "<group>"; };
		2C1C75221749D7DB005F3B57 /* en */ = {isa = PBXFileReference; lastKnownFileType = text.plist.strings; name = en; path = en.lproj/InfoPlist.strings; sourceTree = "<group>"; };
		2C1C75241749D7DB005F3B57 /* main.m */ = {isa = PBXFileReference; lastKnownFileType = sourcecode.c.objc; path = main.m; sourceTree = "<group>"; };
		2C1C75261749D7DB005F3B57 /* demoApp-Prefix.pch */ = {isa = PBXFileReference; lastKnownFileType = sourcecode.c.h; path = "demoApp-Prefix.pch"; sourceTree = "<group>"; };
		2C1C75271749D7DB005F3B57 /* demoAppDelegate.h */ = {isa = PBXFileReference; lastKnownFileType = sourcecode.c.h; path = demoAppDelegate.h; sourceTree = "<group>"; };
		2C1C75281749D7DB005F3B57 /* demoAppDelegate.m */ = {isa = PBXFileReference; lastKnownFileType = sourcecode.c.objc; path = demoAppDelegate.m; sourceTree = "<group>"; };
		2C1C752A1749D7DB005F3B57 /* Default.png */ = {isa = PBXFileReference; lastKnownFileType = image.png; path = Default.png; sourceTree = "<group>"; };
		2C1C752C1749D7DB005F3B57 /* Default@2x.png */ = {isa = PBXFileReference; lastKnownFileType = image.png; path = "Default@2x.png"; sourceTree = "<group>"; };
		2C1C752E1749D7DB005F3B57 /* Default-568h@2x.png */ = {isa = PBXFileReference; lastKnownFileType = image.png; path = "Default-568h@2x.png"; sourceTree = "<group>"; };
		2C1C75311749D7DB005F3B57 /* en */ = {isa = PBXFileReference; lastKnownFileType = file.storyboard; name = en; path = en.lproj/MainStoryboard.storyboard; sourceTree = "<group>"; };
		2C1C75331749D7DB005F3B57 /* demoViewController.h */ = {isa = PBXFileReference; lastKnownFileType = sourcecode.c.h; path = demoViewController.h; sourceTree = "<group>"; };
		2C1C75341749D7DB005F3B57 /* demoViewController.m */ = {isa = PBXFileReference; lastKnownFileType = sourcecode.c.objc; path = demoViewController.m; sourceTree = "<group>"; };
		2C90D7E21749D9A00080C57D /* pblib.xcodeproj */ = {isa = PBXFileReference; lastKnownFileType = "wrapper.pb-project"; name = pblib.xcodeproj; path = ../pblib/pblib.xcodeproj; sourceTree = "<group>"; };
/* End PBXFileReference section */

/* Begin PBXFrameworksBuildPhase section */
		2C1C75121749D7DB005F3B57 /* Frameworks */ = {
			isa = PBXFrameworksBuildPhase;
			buildActionMask = 2147483647;
			files = (
				2C90D7EA1749DCCD0080C57D /* pblib.a in Frameworks */,
				2C1C75191749D7DB005F3B57 /* UIKit.framework in Frameworks */,
				2C1C751B1749D7DB005F3B57 /* Foundation.framework in Frameworks */,
				2C1C751D1749D7DB005F3B57 /* CoreGraphics.framework in Frameworks */,
			);
			runOnlyForDeploymentPostprocessing = 0;
		};
/* End PBXFrameworksBuildPhase section */

/* Begin PBXGroup section */
		2C1C750C1749D7DA005F3B57 = {
			isa = PBXGroup;
			children = (
				2C90D7E21749D9A00080C57D /* pblib.xcodeproj */,
				2C1C751E1749D7DB005F3B57 /* demoApp */,
				2C1C75171749D7DB005F3B57 /* Frameworks */,
				2C1C75161749D7DB005F3B57 /* Products */,
			);
			sourceTree = "<group>";
		};
		2C1C75161749D7DB005F3B57 /* Products */ = {
			isa = PBXGroup;
			children = (
				2C1C75151749D7DB005F3B57 /* demoApp.app */,
			);
			name = Products;
			sourceTree = "<group>";
		};
		2C1C75171749D7DB005F3B57 /* Frameworks */ = {
			isa = PBXGroup;
			children = (
				2C1C75181749D7DB005F3B57 /* UIKit.framework */,
				2C1C751A1749D7DB005F3B57 /* Foundation.framework */,
				2C1C751C1749D7DB005F3B57 /* CoreGraphics.framework */,
			);
			name = Frameworks;
			sourceTree = "<group>";
		};
		2C1C751E1749D7DB005F3B57 /* demoApp */ = {
			isa = PBXGroup;
			children = (
				2C1C75271749D7DB005F3B57 /* demoAppDelegate.h */,
				2C1C75281749D7DB005F3B57 /* demoAppDelegate.m */,
				2C1C75301749D7DB005F3B57 /* MainStoryboard.storyboard */,
				2C1C75331749D7DB005F3B57 /* demoViewController.h */,
				2C1C75341749D7DB005F3B57 /* demoViewController.m */,
				2C1C751F1749D7DB005F3B57 /* Supporting Files */,
			);
			path = demoApp;
			sourceTree = "<group>";
		};
		2C1C751F1749D7DB005F3B57 /* Supporting Files */ = {
			isa = PBXGroup;
			children = (
				2C1C75201749D7DB005F3B57 /* demoApp-Info.plist */,
				2C1C75211749D7DB005F3B57 /* InfoPlist.strings */,
				2C1C75241749D7DB005F3B57 /* main.m */,
				2C1C75261749D7DB005F3B57 /* demoApp-Prefix.pch */,
				2C1C752A1749D7DB005F3B57 /* Default.png */,
				2C1C752C1749D7DB005F3B57 /* Default@2x.png */,
				2C1C752E1749D7DB005F3B57 /* Default-568h@2x.png */,
			);
			name = "Supporting Files";
			sourceTree = "<group>";
		};
		2C90D7E31749D9A00080C57D /* Products */ = {
			isa = PBXGroup;
			children = (
				2C90D7E71749D9A00080C57D /* pblib.a */,
			);
			name = Products;
			sourceTree = "<group>";
		};
/* End PBXGroup section */

/* Begin PBXNativeTarget section */
		2C1C75141749D7DB005F3B57 /* demoApp */ = {
			isa = PBXNativeTarget;
			buildConfigurationList = 2C1C75381749D7DB005F3B57 /* Build configuration list for PBXNativeTarget "demoApp" */;
			buildPhases = (
				2C1C75111749D7DB005F3B57 /* Sources */,
				2C1C75121749D7DB005F3B57 /* Frameworks */,
				2C1C75131749D7DB005F3B57 /* Resources */,
			);
			buildRules = (
			);
			dependencies = (
				2C90D7E91749DC830080C57D /* PBXTargetDependency */,
			);
			name = demoApp;
			productName = demoApp;
			productReference = 2C1C75151749D7DB005F3B57 /* demoApp.app */;
			productType = "com.apple.product-type.application";
		};
/* End PBXNativeTarget section */

/* Begin PBXProject section */
		2C1C750D1749D7DB005F3B57 /* Project object */ = {
			isa = PBXProject;
			attributes = {
				CLASSPREFIX = demo;
				LastUpgradeCheck = 0460;
				ORGANIZATIONNAME = "Maethee Chongchitnant";
			};
			buildConfigurationList = 2C1C75101749D7DB005F3B57 /* Build configuration list for PBXProject "demoApp" */;
			compatibilityVersion = "Xcode 3.2";
			developmentRegion = English;
			hasScannedForEncodings = 0;
			knownRegions = (
				en,
			);
			mainGroup = 2C1C750C1749D7DA005F3B57;
			productRefGroup = 2C1C75161749D7DB005F3B57 /* Products */;
			projectDirPath = "";
			projectReferences = (
				{
					ProductGroup = 2C90D7E31749D9A00080C57D /* Products */;
					ProjectRef = 2C90D7E21749D9A00080C57D /* pblib.xcodeproj */;
				},
			);
			projectRoot = "";
			targets = (
				2C1C75141749D7DB005F3B57 /* demoApp */,
			);
		};
/* End PBXProject section */

/* Begin PBXReferenceProxy section */
		2C90D7E71749D9A00080C57D /* pblib.a */ = {
			isa = PBXReferenceProxy;
			fileType = archive.ar;
			path = pblib.a;
			remoteRef = 2C90D7E61749D9A00080C57D /* PBXContainerItemProxy */;
			sourceTree = BUILT_PRODUCTS_DIR;
		};
/* End PBXReferenceProxy section */

/* Begin PBXResourcesBuildPhase section */
		2C1C75131749D7DB005F3B57 /* Resources */ = {
			isa = PBXResourcesBuildPhase;
			buildActionMask = 2147483647;
			files = (
				2C1C75231749D7DB005F3B57 /* InfoPlist.strings in Resources */,
				2C1C752B1749D7DB005F3B57 /* Default.png in Resources */,
				2C1C752D1749D7DB005F3B57 /* Default@2x.png in Resources */,
				2C1C752F1749D7DB005F3B57 /* Default-568h@2x.png in Resources */,
				2C1C75321749D7DB005F3B57 /* MainStoryboard.storyboard in Resources */,
			);
			runOnlyForDeploymentPostprocessing = 0;
		};
/* End PBXResourcesBuildPhase section */

/* Begin PBXSourcesBuildPhase section */
		2C1C75111749D7DB005F3B57 /* Sources */ = {
			isa = PBXSourcesBuildPhase;
			buildActionMask = 2147483647;
			files = (
				2C1C75251749D7DB005F3B57 /* main.m in Sources */,
				2C1C75291749D7DB005F3B57 /* demoAppDelegate.m in Sources */,
				2C1C75351749D7DB005F3B57 /* demoViewController.m in Sources */,
			);
			runOnlyForDeploymentPostprocessing = 0;
		};
/* End PBXSourcesBuildPhase section */

/* Begin PBXTargetDependency section */
		2C90D7E91749DC830080C57D /* PBXTargetDependency */ = {
			isa = PBXTargetDependency;
			name = pblib;
			targetProxy = 2C90D7E81749DC830080C57D /* PBXContainerItemProxy */;
		};
/* End PBXTargetDependency section */

/* Begin PBXVariantGroup section */
		2C1C75211749D7DB005F3B57 /* InfoPlist.strings */ = {
			isa = PBXVariantGroup;
			children = (
				2C1C75221749D7DB005F3B57 /* en */,
			);
			name = InfoPlist.strings;
			sourceTree = "<group>";
		};
		2C1C75301749D7DB005F3B57 /* MainStoryboard.storyboard */ = {
			isa = PBXVariantGroup;
			children = (
				2C1C75311749D7DB005F3B57 /* en */,
			);
			name = MainStoryboard.storyboard;
			sourceTree = "<group>";
		};
/* End PBXVariantGroup section */

/* Begin XCBuildConfiguration section */
		2C1C75361749D7DB005F3B57 /* Debug */ = {
			isa = XCBuildConfiguration;
			buildSettings = {
				ALWAYS_SEARCH_USER_PATHS = NO;
				CLANG_CXX_LANGUAGE_STANDARD = "gnu++0x";
				CLANG_CXX_LIBRARY = "libc++";
				CLANG_WARN_CONSTANT_CONVERSION = YES;
				CLANG_WARN_EMPTY_BODY = YES;
				CLANG_WARN_ENUM_CONVERSION = YES;
				CLANG_WARN_INT_CONVERSION = YES;
				CLANG_WARN__DUPLICATE_METHOD_MATCH = YES;
				"CODE_SIGN_IDENTITY[sdk=iphoneos*]" = "iPhone Developer";
				COPY_PHASE_STRIP = NO;
				GCC_C_LANGUAGE_STANDARD = gnu99;
				GCC_DYNAMIC_NO_PIC = NO;
				GCC_OPTIMIZATION_LEVEL = 0;
				GCC_PREPROCESSOR_DEFINITIONS = (
					"DEBUG=1",
					"$(inherited)",
				);
				GCC_SYMBOLS_PRIVATE_EXTERN = NO;
				GCC_WARN_ABOUT_RETURN_TYPE = YES;
				GCC_WARN_UNINITIALIZED_AUTOS = YES;
				GCC_WARN_UNUSED_VARIABLE = YES;
				IPHONEOS_DEPLOYMENT_TARGET = 6.1;
				ONLY_ACTIVE_ARCH = YES;
				SDKROOT = iphoneos;
			};
			name = Debug;
		};
		2C1C75371749D7DB005F3B57 /* Release */ = {
			isa = XCBuildConfiguration;
			buildSettings = {
				ALWAYS_SEARCH_USER_PATHS = NO;
				CLANG_CXX_LANGUAGE_STANDARD = "gnu++0x";
				CLANG_CXX_LIBRARY = "libc++";
				CLANG_WARN_CONSTANT_CONVERSION = YES;
				CLANG_WARN_EMPTY_BODY = YES;
				CLANG_WARN_ENUM_CONVERSION = YES;
				CLANG_WARN_INT_CONVERSION = YES;
				CLANG_WARN__DUPLICATE_METHOD_MATCH = YES;
				"CODE_SIGN_IDENTITY[sdk=iphoneos*]" = "iPhone Developer";
				COPY_PHASE_STRIP = YES;
				GCC_C_LANGUAGE_STANDARD = gnu99;
				GCC_WARN_ABOUT_RETURN_TYPE = YES;
				GCC_WARN_UNINITIALIZED_AUTOS = YES;
				GCC_WARN_UNUSED_VARIABLE = YES;
				IPHONEOS_DEPLOYMENT_TARGET = 6.1;
				OTHER_CFLAGS = "-DNS_BLOCK_ASSERTIONS=1";
				SDKROOT = iphoneos;
				VALIDATE_PRODUCT = YES;
			};
			name = Release;
		};
		2C1C75391749D7DB005F3B57 /* Debug */ = {
			isa = XCBuildConfiguration;
			buildSettings = {
				GCC_PRECOMPILE_PREFIX_HEADER = YES;
				GCC_PREFIX_HEADER = "demoApp/demoApp-Prefix.pch";
				HEADER_SEARCH_PATHS = /Users/eddie/Desktop/api/pblib/ios/pblib/pblib;
				INFOPLIST_FILE = "demoApp/demoApp-Info.plist";
				OTHER_LDFLAGS = (
					"-ObjC",
					"-all_load",
				);
				PRODUCT_NAME = "$(TARGET_NAME)";
				WRAPPER_EXTENSION = app;
			};
			name = Debug;
		};
		2C1C753A1749D7DB005F3B57 /* Release */ = {
			isa = XCBuildConfiguration;
			buildSettings = {
				GCC_PRECOMPILE_PREFIX_HEADER = YES;
				GCC_PREFIX_HEADER = "demoApp/demoApp-Prefix.pch";
				HEADER_SEARCH_PATHS = /Users/eddie/Desktop/api/pblib/ios/pblib/pblib;
				INFOPLIST_FILE = "demoApp/demoApp-Info.plist";
				OTHER_LDFLAGS = (
					"-ObjC",
					"-all_load",
				);
				PRODUCT_NAME = "$(TARGET_NAME)";
				WRAPPER_EXTENSION = app;
			};
			name = Release;
		};
/* End XCBuildConfiguration section */

/* Begin XCConfigurationList section */
		2C1C75101749D7DB005F3B57 /* Build configuration list for PBXProject "demoApp" */ = {
			isa = XCConfigurationList;
			buildConfigurations = (
				2C1C75361749D7DB005F3B57 /* Debug */,
				2C1C75371749D7DB005F3B57 /* Release */,
			);
			defaultConfigurationIsVisible = 0;
			defaultConfigurationName = Release;
		};
		2C1C75381749D7DB005F3B57 /* Build configuration list for PBXNativeTarget "demoApp" */ = {
			isa = XCConfigurationList;
			buildConfigurations = (
				2C1C75391749D7DB005F3B57 /* Debug */,
				2C1C753A1749D7DB005F3B57 /* Release */,
			);
			defaultConfigurationIsVisible = 0;
			defaultConfigurationName = Release;
		};
/* End XCConfigurationList section */
	};
	rootObject = 2C1C750D1749D7DB005F3B57 /* Project object */;
}
